
Microsoft Visual Studio Solution File, Format Version 12.00
# Visual Studio 2015
Project("{FAE04EC0-301F-11D3-BF4B-00C04F79EFBC}") = "World Dancers.CSharp", "World Dancers.CSharp.csproj", "{0585285B-1973-E47F-1C2C-B614B468B85D}"
EndProject
Project("{FAE04EC0-301F-11D3-BF4B-00C04F79EFBC}") = "World Dancers.CSharp.Editor", "World Dancers.CSharp.Editor.csproj", "{BA5ED1D6-A6E6-AD44-DA2B-75FEB1509DC1}"
EndProject
Global
	GlobalSection(SolutionConfigurationPlatforms) = preSolution
		Debug|Any CPU = Debug|Any CPU
		Release|Any CPU = Release|Any CPU
	EndGlobalSection
	GlobalSection(ProjectConfigurationPlatforms) = postSolution
		{0585285B-1973-E47F-1C2C-B614B468B85D}.Debug|Any CPU.ActiveCfg = Debug|Any CPU
		{0585285B-1973-E47F-1C2C-B614B468B85D}.Debug|Any CPU.Build.0 = Debug|Any CPU
		{0585285B-1973-E47F-1C2C-B614B468B85D}.Release|Any CPU.ActiveCfg = Release|Any CPU
		{0585285B-1973-E47F-1C2C-B614B468B85D}.Release|Any CPU.Build.0 = Release|Any CPU
		{BA5ED1D6-A6E6-AD44-DA2B-75FEB1509DC1}.Debug|Any CPU.ActiveCfg = Debug|Any CPU
		{BA5ED1D6-A6E6-AD44-DA2B-75FEB1509DC1}.Debug|Any CPU.Build.0 = Debug|Any CPU
		{BA5ED1D6-A6E6-AD44-DA2B-75FEB1509DC1}.Release|Any CPU.ActiveCfg = Release|Any CPU
		{BA5ED1D6-A6E6-AD44-DA2B-75FEB1509DC1}.Release|Any CPU.Build.0 = Release|Any CPU
	EndGlobalSection
	GlobalSection(SolutionProperties) = preSolution
		HideSolutionNode = FALSE
	EndGlobalSection
EndGlobal
